
Microsoft Visual Studio Solution File, Format Version 12.00
# Visual Studio 2012
Project("{2150E333-8FDC-42A3-9474-1A3956D46DE8}") = "Runner", "Runner", "{CDBB96F6-750E-4A39-A2FA-CDF0C59E1B7D}"
EndProject
Project("{2150E333-8FDC-42A3-9474-1A3956D46DE8}") = "Tests", "Tests", "{E9D56F1D-0F26-41AC-90A8-2BB8814C6D61}"
EndProject
Project("{F2A71F9B-5D33-465A-A702-920D77279786}") = "FattyRunner.Engine", "Runner\FattyRunner.Engine\FattyRunner.Engine.fsproj", "{A08E2DFC-C34F-4353-AF50-25139A51551D}"
EndProject
Project("{F2A71F9B-5D33-465A-A702-920D77279786}") = "FattyRunner.Engine.Tests", "Tests\FattyRunner.Engine.Tests\FattyRunner.Engine.Tests.fsproj", "{82898601-EA61-47E8-8FE0-00A3E8239124}"
EndProject
Project("{FAE04EC0-301F-11D3-BF4B-00C04F79EFBC}") = "FattyRunner.Interfaces", "FattyRunner.Interfaces\FattyRunner.Interfaces.csproj", "{481C3E67-3821-4E01-B3D8-851EA5C97953}"
EndProject
Project("{FAE04EC0-301F-11D3-BF4B-00C04F79EFBC}") = "AssemblyLoadTests", "Tests\Resources\AssemblyLoadTest\AssemblyLoadTests.csproj", "{AC594D30-096D-49F5-99C6-17966349C663}"
EndProject
Project("{2150E333-8FDC-42A3-9474-1A3956D46DE8}") = "TestAssemblies", "TestAssemblies", "{62605A81-9771-499A-8F5B-05A1C047AB2C}"
EndProject
Project("{FAE04EC0-301F-11D3-BF4B-00C04F79EFBC}") = "PerfTestsContainer", "Tests\Resources\PerfTestsContainer\PerfTestsContainer.csproj", "{8F817CFF-D513-44FB-8051-8B5E31A69E0C}"
EndProject
Project("{F2A71F9B-5D33-465A-A702-920D77279786}") = "FattyRunner.Client", "Runner\FattyRunner.Client\FattyRunner.Client.fsproj", "{30597BE9-08F8-4832-8AB7-009C00A6A2F2}"
EndProject
Global
	GlobalSection(SolutionConfigurationPlatforms) = preSolution
		Debug|Any CPU = Debug|Any CPU
		Debug|Mixed Platforms = Debug|Mixed Platforms
		Debug|x86 = Debug|x86
		Release|Any CPU = Release|Any CPU
		Release|Mixed Platforms = Release|Mixed Platforms
		Release|x86 = Release|x86
	EndGlobalSection
	GlobalSection(ProjectConfigurationPlatforms) = postSolution
		{A08E2DFC-C34F-4353-AF50-25139A51551D}.Debug|Any CPU.ActiveCfg = Debug|Any CPU
		{A08E2DFC-C34F-4353-AF50-25139A51551D}.Debug|Any CPU.Build.0 = Debug|Any CPU
		{A08E2DFC-C34F-4353-AF50-25139A51551D}.Debug|Mixed Platforms.ActiveCfg = Debug|Any CPU
		{A08E2DFC-C34F-4353-AF50-25139A51551D}.Debug|Mixed Platforms.Build.0 = Debug|Any CPU
		{A08E2DFC-C34F-4353-AF50-25139A51551D}.Debug|x86.ActiveCfg = Debug|Any CPU
		{A08E2DFC-C34F-4353-AF50-25139A51551D}.Release|Any CPU.ActiveCfg = Release|Any CPU
		{A08E2DFC-C34F-4353-AF50-25139A51551D}.Release|Any CPU.Build.0 = Release|Any CPU
		{A08E2DFC-C34F-4353-AF50-25139A51551D}.Release|Mixed Platforms.ActiveCfg = Release|Any CPU
		{A08E2DFC-C34F-4353-AF50-25139A51551D}.Release|Mixed Platforms.Build.0 = Release|Any CPU
		{A08E2DFC-C34F-4353-AF50-25139A51551D}.Release|x86.ActiveCfg = Release|Any CPU
		{82898601-EA61-47E8-8FE0-00A3E8239124}.Debug|Any CPU.ActiveCfg = Debug|Any CPU
		{82898601-EA61-47E8-8FE0-00A3E8239124}.Debug|Any CPU.Build.0 = Debug|Any CPU
		{82898601-EA61-47E8-8FE0-00A3E8239124}.Debug|Mixed Platforms.ActiveCfg = Debug|Any CPU
		{82898601-EA61-47E8-8FE0-00A3E8239124}.Debug|Mixed Platforms.Build.0 = Debug|Any CPU
		{82898601-EA61-47E8-8FE0-00A3E8239124}.Debug|x86.ActiveCfg = Debug|Any CPU
		{82898601-EA61-47E8-8FE0-00A3E8239124}.Release|Any CPU.ActiveCfg = Release|Any CPU
		{82898601-EA61-47E8-8FE0-00A3E8239124}.Release|Any CPU.Build.0 = Release|Any CPU
		{82898601-EA61-47E8-8FE0-00A3E8239124}.Release|Mixed Platforms.ActiveCfg = Release|Any CPU
		{82898601-EA61-47E8-8FE0-00A3E8239124}.Release|Mixed Platforms.Build.0 = Release|Any CPU
		{82898601-EA61-47E8-8FE0-00A3E8239124}.Release|x86.ActiveCfg = Release|Any CPU
		{481C3E67-3821-4E01-B3D8-851EA5C97953}.Debug|Any CPU.ActiveCfg = Debug|Any CPU
		{481C3E67-3821-4E01-B3D8-851EA5C97953}.Debug|Any CPU.Build.0 = Debug|Any CPU
		{481C3E67-3821-4E01-B3D8-851EA5C97953}.Debug|Mixed Platforms.ActiveCfg = Debug|Any CPU
		{481C3E67-3821-4E01-B3D8-851EA5C97953}.Debug|Mixed Platforms.Build.0 = Debug|Any CPU
		{481C3E67-3821-4E01-B3D8-851EA5C97953}.Debug|x86.ActiveCfg = Debug|Any CPU
		{481C3E67-3821-4E01-B3D8-851EA5C97953}.Release|Any CPU.ActiveCfg = Release|Any CPU
		{481C3E67-3821-4E01-B3D8-851EA5C97953}.Release|Any CPU.Build.0 = Release|Any CPU
		{481C3E67-3821-4E01-B3D8-851EA5C97953}.Release|Mixed Platforms.ActiveCfg = Release|Any CPU
		{481C3E67-3821-4E01-B3D8-851EA5C97953}.Release|Mixed Platforms.Build.0 = Release|Any CPU
		{481C3E67-3821-4E01-B3D8-851EA5C97953}.Release|x86.ActiveCfg = Release|Any CPU
		{AC594D30-096D-49F5-99C6-17966349C663}.Debug|Any CPU.ActiveCfg = Debug|Any CPU
		{AC594D30-096D-49F5-99C6-17966349C663}.Debug|Any CPU.Build.0 = Debug|Any CPU
		{AC594D30-096D-49F5-99C6-17966349C663}.Debug|Mixed Platforms.ActiveCfg = Debug|Any CPU
		{AC594D30-096D-49F5-99C6-17966349C663}.Debug|Mixed Platforms.Build.0 = Debug|Any CPU
		{AC594D30-096D-49F5-99C6-17966349C663}.Debug|x86.ActiveCfg = Debug|Any CPU
		{AC594D30-096D-49F5-99C6-17966349C663}.Release|Any CPU.ActiveCfg = Release|Any CPU
		{AC594D30-096D-49F5-99C6-17966349C663}.Release|Any CPU.Build.0 = Release|Any CPU
		{AC594D30-096D-49F5-99C6-17966349C663}.Release|Mixed Platforms.ActiveCfg = Release|Any CPU
		{AC594D30-096D-49F5-99C6-17966349C663}.Release|Mixed Platforms.Build.0 = Release|Any CPU
		{AC594D30-096D-49F5-99C6-17966349C663}.Release|x86.ActiveCfg = Release|Any CPU
		{8F817CFF-D513-44FB-8051-8B5E31A69E0C}.Debug|Any CPU.ActiveCfg = Debug|Any CPU
		{8F817CFF-D513-44FB-8051-8B5E31A69E0C}.Debug|Any CPU.Build.0 = Debug|Any CPU
		{8F817CFF-D513-44FB-8051-8B5E31A69E0C}.Debug|Mixed Platforms.ActiveCfg = Debug|Any CPU
		{8F817CFF-D513-44FB-8051-8B5E31A69E0C}.Debug|Mixed Platforms.Build.0 = Debug|Any CPU
		{8F817CFF-D513-44FB-8051-8B5E31A69E0C}.Debug|x86.ActiveCfg = Debug|Any CPU
		{8F817CFF-D513-44FB-8051-8B5E31A69E0C}.Release|Any CPU.ActiveCfg = Release|Any CPU
		{8F817CFF-D513-44FB-8051-8B5E31A69E0C}.Release|Any CPU.Build.0 = Release|Any CPU
		{8F817CFF-D513-44FB-8051-8B5E31A69E0C}.Release|Mixed Platforms.ActiveCfg = Release|Any CPU
		{8F817CFF-D513-44FB-8051-8B5E31A69E0C}.Release|Mixed Platforms.Build.0 = Release|Any CPU
		{8F817CFF-D513-44FB-8051-8B5E31A69E0C}.Release|x86.ActiveCfg = Release|Any CPU
		{30597BE9-08F8-4832-8AB7-009C00A6A2F2}.Debug|Any CPU.ActiveCfg = Debug|x86
		{30597BE9-08F8-4832-8AB7-009C00A6A2F2}.Debug|Mixed Platforms.ActiveCfg = Debug|x86
		{30597BE9-08F8-4832-8AB7-009C00A6A2F2}.Debug|Mixed Platforms.Build.0 = Debug|x86
		{30597BE9-08F8-4832-8AB7-009C00A6A2F2}.Debug|x86.ActiveCfg = Debug|x86
		{30597BE9-08F8-4832-8AB7-009C00A6A2F2}.Debug|x86.Build.0 = Debug|x86
		{30597BE9-08F8-4832-8AB7-009C00A6A2F2}.Release|Any CPU.ActiveCfg = Release|x86
		{30597BE9-08F8-4832-8AB7-009C00A6A2F2}.Release|Mixed Platforms.ActiveCfg = Release|x86
		{30597BE9-08F8-4832-8AB7-009C00A6A2F2}.Release|Mixed Platforms.Build.0 = Release|x86
		{30597BE9-08F8-4832-8AB7-009C00A6A2F2}.Release|x86.ActiveCfg = Release|x86
		{30597BE9-08F8-4832-8AB7-009C00A6A2F2}.Release|x86.Build.0 = Release|x86
	EndGlobalSection
	GlobalSection(SolutionProperties) = preSolution
		HideSolutionNode = FALSE
	EndGlobalSection
	GlobalSection(NestedProjects) = preSolution
		{A08E2DFC-C34F-4353-AF50-25139A51551D} = {CDBB96F6-750E-4A39-A2FA-CDF0C59E1B7D}
		{30597BE9-08F8-4832-8AB7-009C00A6A2F2} = {CDBB96F6-750E-4A39-A2FA-CDF0C59E1B7D}
		{82898601-EA61-47E8-8FE0-00A3E8239124} = {E9D56F1D-0F26-41AC-90A8-2BB8814C6D61}
		{62605A81-9771-499A-8F5B-05A1C047AB2C} = {E9D56F1D-0F26-41AC-90A8-2BB8814C6D61}
		{AC594D30-096D-49F5-99C6-17966349C663} = {62605A81-9771-499A-8F5B-05A1C047AB2C}
		{8F817CFF-D513-44FB-8051-8B5E31A69E0C} = {62605A81-9771-499A-8F5B-05A1C047AB2C}
	EndGlobalSection
EndGlobal
